version: 1.0
shards:
  crystglfw:
    github: calebuharrison/CrystGLFW
    commit: 76feb4d3e9ec12e02aad3734b6c1c9f27a0f2a4c

  lib_gl:
    github: calebuharrison/LibGL
    commit: 9a05aef8f2f8dbc43f821e5ca104458be85a2a30

  lib_glfw:
    github: calebuharrison/LibGLFW
    commit: 4cf7c3774f278d7e044bb30a35b104f5b12fdc53

